// !$*UTF8*$!
{
	archiveVersion = 1;
	classes = {
	};
	objectVersion = 46;
	objects = {

/* Begin PBXBuildFile section */
		E66DE5DE1966CA2F002B8725 /* Foundation.framework in Frameworks */ = {isa = PBXBuildFile; fileRef = E66DE5DD1966CA2F002B8725 /* Foundation.framework */; };
		E66DE5E01966CA2F002B8725 /* CoreGraphics.framework in Frameworks */ = {isa = PBXBuildFile; fileRef = E66DE5DF1966CA2F002B8725 /* CoreGraphics.framework */; };
		E66DE5E21966CA2F002B8725 /* UIKit.framework in Frameworks */ = {isa = PBXBuildFile; fileRef = E66DE5E11966CA2F002B8725 /* UIKit.framework */; };
		E66DE5E81966CA2F002B8725 /* InfoPlist.strings in Resources */ = {isa = PBXBuildFile; fileRef = E66DE5E61966CA2F002B8725 /* InfoPlist.strings */; };
		E66DE5EA1966CA2F002B8725 /* main.m in Sources */ = {isa = PBXBuildFile; fileRef = E66DE5E91966CA2F002B8725 /* main.m */; };
		E66DE5EE1966CA2F002B8725 /* AppDelegate.m in Sources */ = {isa = PBXBuildFile; fileRef = E66DE5ED1966CA2F002B8725 /* AppDelegate.m */; };
		E66DE5F11966CA2F002B8725 /* Main_iPhone.storyboard in Resources */ = {isa = PBXBuildFile; fileRef = E66DE5EF1966CA2F002B8725 /* Main_iPhone.storyboard */; };
		E66DE5F41966CA2F002B8725 /* Main_iPad.storyboard in Resources */ = {isa = PBXBuildFile; fileRef = E66DE5F21966CA2F002B8725 /* Main_iPad.storyboard */; };
		E66DE5F71966CA2F002B8725 /* ViewController.m in Sources */ = {isa = PBXBuildFile; fileRef = E66DE5F61966CA2F002B8725 /* ViewController.m */; };
		E66DE5F91966CA2F002B8725 /* Images.xcassets in Resources */ = {isa = PBXBuildFile; fileRef = E66DE5F81966CA2F002B8725 /* Images.xcassets */; };
		E66DE6001966CA2F002B8725 /* XCTest.framework in Frameworks */ = {isa = PBXBuildFile; fileRef = E66DE5FF1966CA2F002B8725 /* XCTest.framework */; };
		E66DE6011966CA2F002B8725 /* Foundation.framework in Frameworks */ = {isa = PBXBuildFile; fileRef = E66DE5DD1966CA2F002B8725 /* Foundation.framework */; };
		E66DE6021966CA2F002B8725 /* UIKit.framework in Frameworks */ = {isa = PBXBuildFile; fileRef = E66DE5E11966CA2F002B8725 /* UIKit.framework */; };
		E66DE60A1966CA2F002B8725 /* InfoPlist.strings in Resources */ = {isa = PBXBuildFile; fileRef = E66DE6081966CA2F002B8725 /* InfoPlist.strings */; };
		E66DE60C1966CA2F002B8725 /* MapCircleTests.m in Sources */ = {isa = PBXBuildFile; fileRef = E66DE60B1966CA2F002B8725 /* MapCircleTests.m */; };
		E66DE6161966CB16002B8725 /* MapKit.framework in Frameworks */ = {isa = PBXBuildFile; fileRef = E66DE6151966CB15002B8725 /* MapKit.framework */; };
		E66DE6191966CB99002B8725 /* rend.m in Sources */ = {isa = PBXBuildFile; fileRef = E66DE6181966CB99002B8725 /* rend.m */; };
/* End PBXBuildFile section */

/* Begin PBXContainerItemProxy section */
		E66DE6031966CA2F002B8725 /* PBXContainerItemProxy */ = {
			isa = PBXContainerItemProxy;
			containerPortal = E66DE5D21966CA2F002B8725 /* Project object */;
			proxyType = 1;
			remoteGlobalIDString = E66DE5D91966CA2F002B8725;
			remoteInfo = MapCircle;
		};
/* End PBXContainerItemProxy section */

/* Begin PBXFileReference section */
		E66DE5DA1966CA2F002B8725 /* MapCircle.app */ = {isa = PBXFileReference; explicitFileType = wrapper.application; includeInIndex = 0; path = MapCircle.app; sourceTree = BUILT_PRODUCTS_DIR; };
		E66DE5DD1966CA2F002B8725 /* Foundation.framework */ = {isa = PBXFileReference; lastKnownFileType = wrapper.framework; name = Foundation.framework; path = System/Library/Frameworks/Foundation.framework; sourceTree = SDKROOT; };
		E66DE5DF1966CA2F002B8725 /* CoreGraphics.framework */ = {isa = PBXFileReference; lastKnownFileType = wrapper.framework; name = CoreGraphics.framework; path = System/Library/Frameworks/CoreGraphics.framework; sourceTree = SDKROOT; };
		E66DE5E11966CA2F002B8725 /* UIKit.framework */ = {isa = PBXFileReference; lastKnownFileType = wrapper.framework; name = UIKit.framework; path = System/Library/Frameworks/UIKit.framework; sourceTree = SDKROOT; };
		E66DE5E51966CA2F002B8725 /* MapCircle-Info.plist */ = {isa = PBXFileReference; lastKnownFileType = text.plist.xml; path = "MapCircle-Info.plist"; sourceTree = "<group>"; };
		E66DE5E71966CA2F002B8725 /* en */ = {isa = PBXFileReference; lastKnownFileType = text.plist.strings; name = en; path = en.lproj/InfoPlist.strings; sourceTree = "<group>"; };
		E66DE5E91966CA2F002B8725 /* main.m */ = {isa = PBXFileReference; lastKnownFileType = sourcecode.c.objc; path = main.m; sourceTree = "<group>"; };
		E66DE5EB1966CA2F002B8725 /* MapCircle-Prefix.pch */ = {isa = PBXFileReference; lastKnownFileType = sourcecode.c.h; path = "MapCircle-Prefix.pch"; sourceTree = "<group>"; };
		E66DE5EC1966CA2F002B8725 /* AppDelegate.h */ = {isa = PBXFileReference; lastKnownFileType = sourcecode.c.h; path = AppDelegate.h; sourceTree = "<group>"; };
		E66DE5ED1966CA2F002B8725 /* AppDelegate.m */ = {isa = PBXFileReference; lastKnownFileType = sourcecode.c.objc; path = AppDelegate.m; sourceTree = "<group>"; };
		E66DE5F01966CA2F002B8725 /* Base */ = {isa = PBXFileReference; lastKnownFileType = file.storyboard; name = Base; path = Base.lproj/Main_iPhone.storyboard; sourceTree = "<group>"; };
		E66DE5F31966CA2F002B8725 /* Base */ = {isa = PBXFileReference; lastKnownFileType = file.storyboard; name = Base; path = Base.lproj/Main_iPad.storyboard; sourceTree = "<group>"; };
		E66DE5F51966CA2F002B8725 /* ViewController.h */ = {isa = PBXFileReference; lastKnownFileType = sourcecode.c.h; path = ViewController.h; sourceTree = "<group>"; };
		E66DE5F61966CA2F002B8725 /* ViewController.m */ = {isa = PBXFileReference; lastKnownFileType = sourcecode.c.objc; path = ViewController.m; sourceTree = "<group>"; };
		E66DE5F81966CA2F002B8725 /* Images.xcassets */ = {isa = PBXFileReference; lastKnownFileType = folder.assetcatalog; path = Images.xcassets; sourceTree = "<group>"; };
		E66DE5FE1966CA2F002B8725 /* MapCircleTests.xctest */ = {isa = PBXFileReference; explicitFileType = wrapper.cfbundle; includeInIndex = 0; path = MapCircleTests.xctest; sourceTree = BUILT_PRODUCTS_DIR; };
		E66DE5FF1966CA2F002B8725 /* XCTest.framework */ = {isa = PBXFileReference; lastKnownFileType = wrapper.framework; name = XCTest.framework; path = Library/Frameworks/XCTest.framework; sourceTree = DEVELOPER_DIR; };
		E66DE6071966CA2F002B8725 /* MapCircleTests-Info.plist */ = {isa = PBXFileReference; lastKnownFileType = text.plist.xml; path = "MapCircleTests-Info.plist"; sourceTree = "<group>"; };
		E66DE6091966CA2F002B8725 /* en */ = {isa = PBXFileReference; lastKnownFileType = text.plist.strings; name = en; path = en.lproj/InfoPlist.strings; sourceTree = "<group>"; };
		E66DE60B1966CA2F002B8725 /* MapCircleTests.m */ = {isa = PBXFileReference; lastKnownFileType = sourcecode.c.objc; path = MapCircleTests.m; sourceTree = "<group>"; };
		E66DE6151966CB15002B8725 /* MapKit.framework */ = {isa = PBXFileReference; lastKnownFileType = wrapper.framework; name = MapKit.framework; path = System/Library/Frameworks/MapKit.framework; sourceTree = SDKROOT; };
		E66DE6171966CB99002B8725 /* rend.h */ = {isa = PBXFileReference; fileEncoding = 4; lastKnownFileType = sourcecode.c.h; path = rend.h; sourceTree = "<group>"; };
		E66DE6181966CB99002B8725 /* rend.m */ = {isa = PBXFileReference; fileEncoding = 4; lastKnownFileType = sourcecode.c.objc; path = rend.m; sourceTree = "<group>"; };
/* End PBXFileReference section */

/* Begin PBXFrameworksBuildPhase section */
		E66DE5D71966CA2F002B8725 /* Frameworks */ = {
			isa = PBXFrameworksBuildPhase;
			buildActionMask = 2147483647;
			files = (
				E66DE6161966CB16002B8725 /* MapKit.framework in Frameworks */,
				E66DE5E01966CA2F002B8725 /* CoreGraphics.framework in Frameworks */,
				E66DE5E21966CA2F002B8725 /* UIKit.framework in Frameworks */,
				E66DE5DE1966CA2F002B8725 /* Foundation.framework in Frameworks */,
			);
			runOnlyForDeploymentPostprocessing = 0;
		};
		E66DE5FB1966CA2F002B8725 /* Frameworks */ = {
			isa = PBXFrameworksBuildPhase;
			buildActionMask = 2147483647;
			files = (
				E66DE6001966CA2F002B8725 /* XCTest.framework in Frameworks */,
				E66DE6021966CA2F002B8725 /* UIKit.framework in Frameworks */,
				E66DE6011966CA2F002B8725 /* Foundation.framework in Frameworks */,
			);
			runOnlyForDeploymentPostprocessing = 0;
		};
/* End PBXFrameworksBuildPhase section */

/* Begin PBXGroup section */
		E66DE5D11966CA2F002B8725 = {
			isa = PBXGroup;
			children = (
				E66DE5E31966CA2F002B8725 /* MapCircle */,
				E66DE6051966CA2F002B8725 /* MapCircleTests */,
				E66DE5DC1966CA2F002B8725 /* Frameworks */,
				E66DE5DB1966CA2F002B8725 /* Products */,
			);
			sourceTree = "<group>";
		};
		E66DE5DB1966CA2F002B8725 /* Products */ = {
			isa = PBXGroup;
			children = (
				E66DE5DA1966CA2F002B8725 /* MapCircle.app */,
				E66DE5FE1966CA2F002B8725 /* MapCircleTests.xctest */,
			);
			name = Products;
			sourceTree = "<group>";
		};
		E66DE5DC1966CA2F002B8725 /* Frameworks */ = {
			isa = PBXGroup;
			children = (
				E66DE6151966CB15002B8725 /* MapKit.framework */,
				E66DE5DD1966CA2F002B8725 /* Foundation.framework */,
				E66DE5DF1966CA2F002B8725 /* CoreGraphics.framework */,
				E66DE5E11966CA2F002B8725 /* UIKit.framework */,
				E66DE5FF1966CA2F002B8725 /* XCTest.framework */,
			);
			name = Frameworks;
			sourceTree = "<group>";
		};
		E66DE5E31966CA2F002B8725 /* MapCircle */ = {
			isa = PBXGroup;
			children = (
				E66DE5EC1966CA2F002B8725 /* AppDelegate.h */,
				E66DE5ED1966CA2F002B8725 /* AppDelegate.m */,
				E66DE5EF1966CA2F002B8725 /* Main_iPhone.storyboard */,
				E66DE5F21966CA2F002B8725 /* Main_iPad.storyboard */,
				E66DE5F51966CA2F002B8725 /* ViewController.h */,
				E66DE5F61966CA2F002B8725 /* ViewController.m */,
				E66DE6171966CB99002B8725 /* rend.h */,
				E66DE6181966CB99002B8725 /* rend.m */,
				E66DE5F81966CA2F002B8725 /* Images.xcassets */,
				E66DE5E41966CA2F002B8725 /* Supporting Files */,
			);
			path = MapCircle;
			sourceTree = "<group>";
		};
		E66DE5E41966CA2F002B8725 /* Supporting Files */ = {
			isa = PBXGroup;
			children = (
				E66DE5E51966CA2F002B8725 /* MapCircle-Info.plist */,
				E66DE5E61966CA2F002B8725 /* InfoPlist.strings */,
				E66DE5E91966CA2F002B8725 /* main.m */,
				E66DE5EB1966CA2F002B8725 /* MapCircle-Prefix.pch */,
			);
			name = "Supporting Files";
			sourceTree = "<group>";
		};
		E66DE6051966CA2F002B8725 /* MapCircleTests */ = {
			isa = PBXGroup;
			children = (
				E66DE60B1966CA2F002B8725 /* MapCircleTests.m */,
				E66DE6061966CA2F002B8725 /* Supporting Files */,
			);
			path = MapCircleTests;
			sourceTree = "<group>";
		};
		E66DE6061966CA2F002B8725 /* Supporting Files */ = {
			isa = PBXGroup;
			children = (
				E66DE6071966CA2F002B8725 /* MapCircleTests-Info.plist */,
				E66DE6081966CA2F002B8725 /* InfoPlist.strings */,
			);
			name = "Supporting Files";
			sourceTree = "<group>";
		};
/* End PBXGroup section */

/* Begin PBXNativeTarget section */
		E66DE5D91966CA2F002B8725 /* MapCircle */ = {
			isa = PBXNativeTarget;
			buildConfigurationList = E66DE60F1966CA2F002B8725 /* Build configuration list for PBXNativeTarget "MapCircle" */;
			buildPhases = (
				E66DE5D61966CA2F002B8725 /* Sources */,
				E66DE5D71966CA2F002B8725 /* Frameworks */,
				E66DE5D81966CA2F002B8725 /* Resources */,
			);
			buildRules = (
			);
			dependencies = (
			);
			name = MapCircle;
			productName = MapCircle;
			productReference = E66DE5DA1966CA2F002B8725 /* MapCircle.app */;
			productType = "com.apple.product-type.application";
		};
		E66DE5FD1966CA2F002B8725 /* MapCircleTests */ = {
			isa = PBXNativeTarget;
			buildConfigurationList = E66DE6121966CA2F002B8725 /* Build configuration list for PBXNativeTarget "MapCircleTests" */;
			buildPhases = (
				E66DE5FA1966CA2F002B8725 /* Sources */,
				E66DE5FB1966CA2F002B8725 /* Frameworks */,
				E66DE5FC1966CA2F002B8725 /* Resources */,
			);
			buildRules = (
			);
			dependencies = (
				E66DE6041966CA2F002B8725 /* PBXTargetDependency */,
			);
			name = MapCircleTests;
			productName = MapCircleTests;
			productReference = E66DE5FE1966CA2F002B8725 /* MapCircleTests.xctest */;
			productType = "com.apple.product-type.bundle.unit-test";
		};
/* End PBXNativeTarget section */

/* Begin PBXProject section */
		E66DE5D21966CA2F002B8725 /* Project object */ = {
			isa = PBXProject;
			attributes = {
				LastUpgradeCheck = 0500;
				ORGANIZATIONNAME = "iD Tech";
				TargetAttributes = {
					E66DE5FD1966CA2F002B8725 = {
						TestTargetID = E66DE5D91966CA2F002B8725;
					};
				};
			};
			buildConfigurationList = E66DE5D51966CA2F002B8725 /* Build configuration list for PBXProject "MapCircle" */;
			compatibilityVersion = "Xcode 3.2";
			developmentRegion = English;
			hasScannedForEncodings = 0;
			knownRegions = (
				en,
				Base,
			);
			mainGroup = E66DE5D11966CA2F002B8725;
			productRefGroup = E66DE5DB1966CA2F002B8725 /* Products */;
			projectDirPath = "";
			projectRoot = "";
			targets = (
				E66DE5D91966CA2F002B8725 /* MapCircle */,
				E66DE5FD1966CA2F002B8725 /* MapCircleTests */,
			);
		};
/* End PBXProject section */

/* Begin PBXResourcesBuildPhase section */
		E66DE5D81966CA2F002B8725 /* Resources */ = {
			isa = PBXResourcesBuildPhase;
			buildActionMask = 2147483647;
			files = (
				E66DE5F41966CA2F002B8725 /* Main_iPad.storyboard in Resources */,
				E66DE5F91966CA2F002B8725 /* Images.xcassets in Resources */,
				E66DE5F11966CA2F002B8725 /* Main_iPhone.storyboard in Resources */,
				E66DE5E81966CA2F002B8725 /* InfoPlist.strings in Resources */,
			);
			runOnlyForDeploymentPostprocessing = 0;
		};
		E66DE5FC1966CA2F002B8725 /* Resources */ = {
			isa = PBXResourcesBuildPhase;
			buildActionMask = 2147483647;
			files = (
				E66DE60A1966CA2F002B8725 /* InfoPlist.strings in Resources */,
			);
			runOnlyForDeploymentPostprocessing = 0;
		};
/* End PBXResourcesBuildPhase section */

/* Begin PBXSourcesBuildPhase section */
		E66DE5D61966CA2F002B8725 /* Sources */ = {
			isa = PBXSourcesBuildPhase;
			buildActionMask = 2147483647;
			files = (
				E66DE5F71966CA2F002B8725 /* ViewController.m in Sources */,
				E66DE5EE1966CA2F002B8725 /* AppDelegate.m in Sources */,
				E66DE6191966CB99002B8725 /* rend.m in Sources */,
				E66DE5EA1966CA2F002B8725 /* main.m in Sources */,
			);
			runOnlyForDeploymentPostprocessing = 0;
		};
		E66DE5FA1966CA2F002B8725 /* Sources */ = {
			isa = PBXSourcesBuildPhase;
			buildActionMask = 2147483647;
			files = (
				E66DE60C1966CA2F002B8725 /* MapCircleTests.m in Sources */,
			);
			runOnlyForDeploymentPostprocessing = 0;
		};
/* End PBXSourcesBuildPhase section */

/* Begin PBXTargetDependency section */
		E66DE6041966CA2F002B8725 /* PBXTargetDependency */ = {
			isa = PBXTargetDependency;
			target = E66DE5D91966CA2F002B8725 /* MapCircle */;
			targetProxy = E66DE6031966CA2F002B8725 /* PBXContainerItemProxy */;
		};
/* End PBXTargetDependency section */

/* Begin PBXVariantGroup section */
		E66DE5E61966CA2F002B8725 /* InfoPlist.strings */ = {
			isa = PBXVariantGroup;
			children = (
				E66DE5E71966CA2F002B8725 /* en */,
			);
			name = InfoPlist.strings;
			sourceTree = "<group>";
		};
		E66DE5EF1966CA2F002B8725 /* Main_iPhone.storyboard */ = {
			isa = PBXVariantGroup;
			children = (
				E66DE5F01966CA2F002B8725 /* Base */,
			);
			name = Main_iPhone.storyboard;
			sourceTree = "<group>";
		};
		E66DE5F21966CA2F002B8725 /* Main_iPad.storyboard */ = {
			isa = PBXVariantGroup;
			children = (
				E66DE5F31966CA2F002B8725 /* Base */,
			);
			name = Main_iPad.storyboard;
			sourceTree = "<group>";
		};
		E66DE6081966CA2F002B8725 /* InfoPlist.strings */ = {
			isa = PBXVariantGroup;
			children = (
				E66DE6091966CA2F002B8725 /* en */,
			);
			name = InfoPlist.strings;
			sourceTree = "<group>";
		};
/* End PBXVariantGroup section */

/* Begin XCBuildConfiguration section */
		E66DE60D1966CA2F002B8725 /* Debug */ = {
			isa = XCBuildConfiguration;
			buildSettings = {
				ALWAYS_SEARCH_USER_PATHS = NO;
				ARCHS = "$(ARCHS_STANDARD_INCLUDING_64_BIT)";
				CLANG_CXX_LANGUAGE_STANDARD = "gnu++0x";
				CLANG_CXX_LIBRARY = "libc++";
				CLANG_ENABLE_MODULES = YES;
				CLANG_ENABLE_OBJC_ARC = YES;
				CLANG_WARN_BOOL_CONVERSION = YES;
				CLANG_WARN_CONSTANT_CONVERSION = YES;
				CLANG_WARN_DIRECT_OBJC_ISA_USAGE = YES_ERROR;
				CLANG_WARN_EMPTY_BODY = YES;
				CLANG_WARN_ENUM_CONVERSION = YES;
				CLANG_WARN_INT_CONVERSION = YES;
				CLANG_WARN_OBJC_ROOT_CLASS = YES_ERROR;
				CLANG_WARN__DUPLICATE_METHOD_MATCH = YES;
				"CODE_SIGN_IDENTITY[sdk=iphoneos*]" = "iPhone Developer";
				COPY_PHASE_STRIP = NO;
				GCC_C_LANGUAGE_STANDARD = gnu99;
				GCC_DYNAMIC_NO_PIC = NO;
				GCC_OPTIMIZATION_LEVEL = 0;
				GCC_PREPROCESSOR_DEFINITIONS = (
					"DEBUG=1",
					"$(inherited)",
				);
				GCC_SYMBOLS_PRIVATE_EXTERN = NO;
				GCC_WARN_64_TO_32_BIT_CONVERSION = YES;
				GCC_WARN_ABOUT_RETURN_TYPE = YES_ERROR;
				GCC_WARN_UNDECLARED_SELECTOR = YES;
				GCC_WARN_UNINITIALIZED_AUTOS = YES;
				GCC_WARN_UNUSED_FUNCTION = YES;
				GCC_WARN_UNUSED_VARIABLE = YES;
				IPHONEOS_DEPLOYMENT_TARGET = 7.0;
				ONLY_ACTIVE_ARCH = YES;
				SDKROOT = iphoneos;
				TARGETED_DEVICE_FAMILY = "1,2";
			};
			name = Debug;
		};
		E66DE60E1966CA2F002B8725 /* Release */ = {
			isa = XCBuildConfiguration;
			buildSettings = {
				ALWAYS_SEARCH_USER_PATHS = NO;
				ARCHS = "$(ARCHS_STANDARD_INCLUDING_64_BIT)";
				CLANG_CXX_LANGUAGE_STANDARD = "gnu++0x";
				CLANG_CXX_LIBRARY = "libc++";
				CLANG_ENABLE_MODULES = YES;
				CLANG_ENABLE_OBJC_ARC = YES;
				CLANG_WARN_BOOL_CONVERSION = YES;
				CLANG_WARN_CONSTANT_CONVERSION = YES;
				CLANG_WARN_DIRECT_OBJC_ISA_USAGE = YES_ERROR;
				CLANG_WARN_EMPTY_BODY = YES;
				CLANG_WARN_ENUM_CONVERSION = YES;
				CLANG_WARN_INT_CONVERSION = YES;
				CLANG_WARN_OBJC_ROOT_CLASS = YES_ERROR;
				CLANG_WARN__DUPLICATE_METHOD_MATCH = YES;
				"CODE_SIGN_IDENTITY[sdk=iphoneos*]" = "iPhone Developer";
				COPY_PHASE_STRIP = YES;
				ENABLE_NS_ASSERTIONS = NO;
				GCC_C_LANGUAGE_STANDARD = gnu99;
				GCC_WARN_64_TO_32_BIT_CONVERSION = YES;
				GCC_WARN_ABOUT_RETURN_TYPE = YES_ERROR;
				GCC_WARN_UNDECLARED_SELECTOR = YES;
				GCC_WARN_UNINITIALIZED_AUTOS = YES;
				GCC_WARN_UNUSED_FUNCTION = YES;
				GCC_WARN_UNUSED_VARIABLE = YES;
				IPHONEOS_DEPLOYMENT_TARGET = 7.0;
				SDKROOT = iphoneos;
				TARGETED_DEVICE_FAMILY = "1,2";
				VALIDATE_PRODUCT = YES;
			};
			name = Release;
		};
		E66DE6101966CA2F002B8725 /* Debug */ = {
			isa = XCBuildConfiguration;
			buildSettings = {
				ASSETCATALOG_COMPILER_APPICON_NAME = AppIcon;
				ASSETCATALOG_COMPILER_LAUNCHIMAGE_NAME = LaunchImage;
				GCC_PRECOMPILE_PREFIX_HEADER = YES;
				GCC_PREFIX_HEADER = "MapCircle/MapCircle-Prefix.pch";
				INFOPLIST_FILE = "MapCircle/MapCircle-Info.plist";
				PRODUCT_NAME = "$(TARGET_NAME)";
				WRAPPER_EXTENSION = app;
			};
			name = Debug;
		};
		E66DE6111966CA2F002B8725 /* Release */ = {
			isa = XCBuildConfiguration;
			buildSettings = {
				ASSETCATALOG_COMPILER_APPICON_NAME = AppIcon;
				ASSETCATALOG_COMPILER_LAUNCHIMAGE_NAME = LaunchImage;
				GCC_PRECOMPILE_PREFIX_HEADER = YES;
				GCC_PREFIX_HEADER = "MapCircle/MapCircle-Prefix.pch";
				INFOPLIST_FILE = "MapCircle/MapCircle-Info.plist";
				PRODUCT_NAME = "$(TARGET_NAME)";
				WRAPPER_EXTENSION = app;
			};
			name = Release;
		};
		E66DE6131966CA2F002B8725 /* Debug */ = {
			isa = XCBuildConfiguration;
			buildSettings = {
				ARCHS = "$(ARCHS_STANDARD_INCLUDING_64_BIT)";
				BUNDLE_LOADER = "$(BUILT_PRODUCTS_DIR)/MapCircle.app/MapCircle";
				FRAMEWORK_SEARCH_PATHS = (
					"$(SDKROOT)/Developer/Library/Frameworks",
					"$(inherited)",
					"$(DEVELOPER_FRAMEWORKS_DIR)",
				);
				GCC_PRECOMPILE_PREFIX_HEADER = YES;
				GCC_PREFIX_HEADER = "MapCircle/MapCircle-Prefix.pch";
				GCC_PREPROCESSOR_DEFINITIONS = (
					"DEBUG=1",
					"$(inherited)",
				);
				INFOPLIST_FILE = "MapCircleTests/MapCircleTests-Info.plist";
				PRODUCT_NAME = "$(TARGET_NAME)";
				TEST_HOST = "$(BUNDLE_LOADER)";
				WRAPPER_EXTENSION = xctest;
			};
			name = Debug;
		};
		E66DE6141966CA2F002B8725 /* Release */ = {
			isa = XCBuildConfiguration;
			buildSettings = {
				ARCHS = "$(ARCHS_STANDARD_INCLUDING_64_BIT)";
				BUNDLE_LOADER = "$(BUILT_PRODUCTS_DIR)/MapCircle.app/MapCircle";
				FRAMEWORK_SEARCH_PATHS = (
					"$(SDKROOT)/Developer/Library/Frameworks",
					"$(inherited)",
					"$(DEVELOPER_FRAMEWORKS_DIR)",
				);
				GCC_PRECOMPILE_PREFIX_HEADER = YES;
				GCC_PREFIX_HEADER = "MapCircle/MapCircle-Prefix.pch";
				INFOPLIST_FILE = "MapCircleTests/MapCircleTests-Info.plist";
				PRODUCT_NAME = "$(TARGET_NAME)";
				TEST_HOST = "$(BUNDLE_LOADER)";
				WRAPPER_EXTENSION = xctest;
			};
			name = Release;
		};
/* End XCBuildConfiguration section */

/* Begin XCConfigurationList section */
		E66DE5D51966CA2F002B8725 /* Build configuration list for PBXProject "MapCircle" */ = {
			isa = XCConfigurationList;
			buildConfigurations = (
				E66DE60D1966CA2F002B8725 /* Debug */,
				E66DE60E1966CA2F002B8725 /* Release */,
			);
			defaultConfigurationIsVisible = 0;
			defaultConfigurationName = Release;
		};
		E66DE60F1966CA2F002B8725 /* Build configuration list for PBXNativeTarget "MapCircle" */ = {
			isa = XCConfigurationList;
			buildConfigurations = (
				E66DE6101966CA2F002B8725 /* Debug */,
				E66DE6111966CA2F002B8725 /* Release */,
			);
			defaultConfigurationIsVisible = 0;
		};
		E66DE6121966CA2F002B8725 /* Build configuration list for PBXNativeTarget "MapCircleTests" */ = {
			isa = XCConfigurationList;
			buildConfigurations = (
				E66DE6131966CA2F002B8725 /* Debug */,
				E66DE6141966CA2F002B8725 /* Release */,
			);
			defaultConfigurationIsVisible = 0;
		};
/* End XCConfigurationList section */
	};
	rootObject = E66DE5D21966CA2F002B8725 /* Project object */;
}
